// !$*UTF8*$!
{
	archiveVersion = 1;
	classes = {
	};
	objectVersion = 56;
	objects = {

/* Begin PBXBuildFile section */
		C402696B2EB2325B00071D60 /* Desafio09App.swift in Sources */ = {isa = PBXBuildFile; fileRef = C402696A2EB2325B00071D60 /* Desafio09App.swift */; };
		C402696D2EB2325B00071D60 /* ContentView.swift in Sources */ = {isa = PBXBuildFile; fileRef = C402696C2EB2325B00071D60 /* ContentView.swift */; };
		C402696F2EB2325C00071D60 /* Assets.xcassets in Resources */ = {isa = PBXBuildFile; fileRef = C402696E2EB2325C00071D60 /* Assets.xcassets */; };
		C40269722EB2325C00071D60 /* Preview Assets.xcassets in Resources */ = {isa = PBXBuildFile; fileRef = C40269712EB2325C00071D60 /* Preview Assets.xcassets */; };
		C40269792EB238C000071D60 /* MarcaModel.swift in Sources */ = {isa = PBXBuildFile; fileRef = C40269782EB238C000071D60 /* MarcaModel.swift */; };
		C402697B2EB238DB00071D60 /* ModelosModel.swift in Sources */ = {isa = PBXBuildFile; fileRef = C402697A2EB238DB00071D60 /* ModelosModel.swift */; };
		C402697D2EB238FF00071D60 /* AnosModel.swift in Sources */ = {isa = PBXBuildFile; fileRef = C402697C2EB238FF00071D60 /* AnosModel.swift */; };
		C402697F2EB2391900071D60 /* DetalhesModel.swift in Sources */ = {isa = PBXBuildFile; fileRef = C402697E2EB2391900071D60 /* DetalhesModel.swift */; };
		C4A18D362EB2573100D6EA20 /* DetalhesCardView.swift in Sources */ = {isa = PBXBuildFile; fileRef = C4A18D352EB2573000D6EA20 /* DetalhesCardView.swift */; };
/* End PBXBuildFile section */

/* Begin PBXFileReference section */
		C40269672EB2325B00071D60 /* Desafio09.app */ = {isa = PBXFileReference; explicitFileType = wrapper.application; includeInIndex = 0; path = Desafio09.app; sourceTree = BUILT_PRODUCTS_DIR; };
		C402696A2EB2325B00071D60 /* Desafio09App.swift */ = {isa = PBXFileReference; lastKnownFileType = sourcecode.swift; path = Desafio09App.swift; sourceTree = "<group>"; };
		C402696C2EB2325B00071D60 /* ContentView.swift */ = {isa = PBXFileReference; lastKnownFileType = sourcecode.swift; path = ContentView.swift; sourceTree = "<group>"; };
		C402696E2EB2325C00071D60 /* Assets.xcassets */ = {isa = PBXFileReference; lastKnownFileType = folder.assetcatalog; path = Assets.xcassets; sourceTree = "<group>"; };
		C40269712EB2325C00071D60 /* Preview Assets.xcassets */ = {isa = PBXFileReference; lastKnownFileType = folder.assetcatalog; path = "Preview Assets.xcassets"; sourceTree = "<group>"; };
		C40269782EB238C000071D60 /* MarcaModel.swift */ = {isa = PBXFileReference; lastKnownFileType = sourcecode.swift; path = MarcaModel.swift; sourceTree = "<group>"; };
		C402697A2EB238DB00071D60 /* ModelosModel.swift */ = {isa = PBXFileReference; lastKnownFileType = sourcecode.swift; path = ModelosModel.swift; sourceTree = "<group>"; };
		C402697C2EB238FF00071D60 /* AnosModel.swift */ = {isa = PBXFileReference; lastKnownFileType = sourcecode.swift; path = AnosModel.swift; sourceTree = "<group>"; };
		C402697E2EB2391900071D60 /* DetalhesModel.swift */ = {isa = PBXFileReference; lastKnownFileType = sourcecode.swift; path = DetalhesModel.swift; sourceTree = "<group>"; };
		C4A18D352EB2573000D6EA20 /* DetalhesCardView.swift */ = {isa = PBXFileReference; lastKnownFileType = sourcecode.swift; path = DetalhesCardView.swift; sourceTree = "<group>"; };
/* End PBXFileReference section */

/* Begin PBXFrameworksBuildPhase section */
		C40269642EB2325B00071D60 /* Frameworks */ = {
			isa = PBXFrameworksBuildPhase;
			buildActionMask = 2147483647;
			files = (
			);
			runOnlyForDeploymentPostprocessing = 0;
		};
/* End PBXFrameworksBuildPhase section */

/* Begin PBXGroup section */
		C402695E2EB2325B00071D60 = {
			isa = PBXGroup;
			children = (
				C40269692EB2325B00071D60 /* Desafio09 */,
				C40269682EB2325B00071D60 /* Products */,
			);
			sourceTree = "<group>";
		};
		C40269682EB2325B00071D60 /* Products */ = {
			isa = PBXGroup;
			children = (
				C40269672EB2325B00071D60 /* Desafio09.app */,
			);
			name = Products;
			sourceTree = "<group>";
		};
		C40269692EB2325B00071D60 /* Desafio09 */ = {
			isa = PBXGroup;
			children = (
				C402696A2EB2325B00071D60 /* Desafio09App.swift */,
				C402696C2EB2325B00071D60 /* ContentView.swift */,
				C402696E2EB2325C00071D60 /* Assets.xcassets */,
				C40269702EB2325C00071D60 /* Preview Content */,
				C40269782EB238C000071D60 /* MarcaModel.swift */,
				C402697A2EB238DB00071D60 /* ModelosModel.swift */,
				C402697C2EB238FF00071D60 /* AnosModel.swift */,
				C402697E2EB2391900071D60 /* DetalhesModel.swift */,
				C4A18D352EB2573000D6EA20 /* DetalhesCardView.swift */,
			);
			path = Desafio09;
			sourceTree = "<group>";
		};
		C40269702EB2325C00071D60 /* Preview Content */ = {
			isa = PBXGroup;
			children = (
				C40269712EB2325C00071D60 /* Preview Assets.xcassets */,
			);
			path = "Preview Content";
			sourceTree = "<group>";
		};
/* End PBXGroup section */

/* Begin PBXNativeTarget section */
		C40269662EB2325B00071D60 /* Desafio09 */ = {
			isa = PBXNativeTarget;
			buildConfigurationList = C40269752EB2325C00071D60 /* Build configuration list for PBXNativeTarget "Desafio09" */;
			buildPhases = (
				C40269632EB2325B00071D60 /* Sources */,
				C40269642EB2325B00071D60 /* Frameworks */,
				C40269652EB2325B00071D60 /* Resources */,
			);
			buildRules = (
			);
			dependencies = (
			);
			name = Desafio09;
			productName = Desafio09;
			productReference = C40269672EB2325B00071D60 /* Desafio09.app */;
			productType = "com.apple.product-type.application";
		};
/* End PBXNativeTarget section */

/* Begin PBXProject section */
		C402695F2EB2325B00071D60 /* Project object */ = {
			isa = PBXProject;
			attributes = {
				BuildIndependentTargetsInParallel = 1;
				LastSwiftUpdateCheck = 1540;
				LastUpgradeCheck = 1540;
				TargetAttributes = {
					C40269662EB2325B00071D60 = {
						CreatedOnToolsVersion = 15.4;
					};
				};
			};
			buildConfigurationList = C40269622EB2325B00071D60 /* Build configuration list for PBXProject "Desafio09" */;
			compatibilityVersion = "Xcode 14.0";
			developmentRegion = en;
			hasScannedForEncodings = 0;
			knownRegions = (
				en,
				Base,
			);
			mainGroup = C402695E2EB2325B00071D60;
			productRefGroup = C40269682EB2325B00071D60 /* Products */;
			projectDirPath = "";
			projectRoot = "";
			targets = (
				C40269662EB2325B00071D60 /* Desafio09 */,
			);
		};
/* End PBXProject section */

/* Begin PBXResourcesBuildPhase section */
		C40269652EB2325B00071D60 /* Resources */ = {
			isa = PBXResourcesBuildPhase;
			buildActionMask = 2147483647;
			files = (
				C40269722EB2325C00071D60 /* Preview Assets.xcassets in Resources */,
				C402696F2EB2325C00071D60 /* Assets.xcassets in Resources */,
			);
			runOnlyForDeploymentPostprocessing = 0;
		};
/* End PBXResourcesBuildPhase section */

/* Begin PBXSourcesBuildPhase section */
		C40269632EB2325B00071D60 /* Sources */ = {
			isa = PBXSourcesBuildPhase;
			buildActionMask = 2147483647;
			files = (
				C40269792EB238C000071D60 /* MarcaModel.swift in Sources */,
				C402697B2EB238DB00071D60 /* ModelosModel.swift in Sources */,
				C402697D2EB238FF00071D60 /* AnosModel.swift in Sources */,
				C402696D2EB2325B00071D60 /* ContentView.swift in Sources */,
				C4A18D362EB2573100D6EA20 /* DetalhesCardView.swift in Sources */,
				C402696B2EB2325B00071D60 /* Desafio09App.swift in Sources */,
				C402697F2EB2391900071D60 /* DetalhesModel.swift in Sources */,
			);
			runOnlyForDeploymentPostprocessing = 0;
		};
/* End PBXSourcesBuildPhase section */

/* Begin XCBuildConfiguration section */
		C40269732EB2325C00071D60 /* Debug */ = {
			isa = XCBuildConfiguration;
			buildSettings = {
				ALWAYS_SEARCH_USER_PATHS = NO;
				ASSETCATALOG_COMPILER_GENERATE_SWIFT_ASSET_SYMBOL_EXTENSIONS = YES;
				CLANG_ANALYZER_NONNULL = YES;
				CLANG_ANALYZER_NUMBER_OBJECT_CONVERSION = YES_AGGRESSIVE;
				CLANG_CXX_LANGUAGE_STANDARD = "gnu++20";
				CLANG_ENABLE_MODULES = YES;
				CLANG_ENABLE_OBJC_ARC = YES;
				CLANG_ENABLE_OBJC_WEAK = YES;
				CLANG_WARN_BLOCK_CAPTURE_AUTORELEASING = YES;
				CLANG_WARN_BOOL_CONVERSION = YES;
				CLANG_WARN_COMMA = YES;
				CLANG_WARN_CONSTANT_CONVERSION = YES;
				CLANG_WARN_DEPRECATED_OBJC_IMPLEMENTATIONS = YES;
				CLANG_WARN_DIRECT_OBJC_ISA_USAGE = YES_ERROR;
				CLANG_WARN_DOCUMENTATION_COMMENTS = YES;
				CLANG_WARN_EMPTY_BODY = YES;
				CLANG_WARN_ENUM_CONVERSION = YES;
				CLANG_WARN_INFINITE_RECURSION = YES;
				CLANG_WARN_INT_CONVERSION = YES;
				CLANG_WARN_NON_LITERAL_NULL_CONVERSION = YES;
				CLANG_WARN_OBJC_IMPLICIT_RETAIN_SELF = YES;
				CLANG_WARN_OBJC_LITERAL_CONVERSION = YES;
				CLANG_WARN_OBJC_ROOT_CLASS = YES_ERROR;
				CLANG_WARN_QUOTED_INCLUDE_IN_FRAMEWORK_HEADER = YES;
				CLANG_WARN_RANGE_LOOP_ANALYSIS = YES;
				CLANG_WARN_STRICT_PROTOTYPES = YES;
				CLANG_WARN_SUSPICIOUS_MOVE = YES;
				CLANG_WARN_UNGUARDED_AVAILABILITY = YES_AGGRESSIVE;
				CLANG_WARN_UNREACHABLE_CODE = YES;
				CLANG_WARN__DUPLICATE_METHOD_MATCH = YES;
				COPY_PHASE_STRIP = NO;
				DEBUG_INFORMATION_FORMAT = dwarf;
				ENABLE_STRICT_OBJC_MSGSEND = YES;
				ENABLE_TESTABILITY = YES;
				ENABLE_USER_SCRIPT_SANDBOXING = YES;
				GCC_C_LANGUAGE_STANDARD = gnu17;
				GCC_DYNAMIC_NO_PIC = NO;
				GCC_NO_COMMON_BLOCKS = YES;
				GCC_OPTIMIZATION_LEVEL = 0;
				GCC_PREPROCESSOR_DEFINITIONS = (
					"DEBUG=1",
					"$(inherited)",
				);
				GCC_WARN_64_TO_32_BIT_CONVERSION = YES;
				GCC_WARN_ABOUT_RETURN_TYPE = YES_ERROR;
				GCC_WARN_UNDECLARED_SELECTOR = YES;
				GCC_WARN_UNINITIALIZED_AUTOS = YES_AGGRESSIVE;
				GCC_WARN_UNUSED_FUNCTION = YES;
				GCC_WARN_UNUSED_VARIABLE = YES;
				IPHONEOS_DEPLOYMENT_TARGET = 17.5;
				LOCALIZATION_PREFERS_STRING_CATALOGS = YES;
				MTL_ENABLE_DEBUG_INFO = INCLUDE_SOURCE;
				MTL_FAST_MATH = YES;
				ONLY_ACTIVE_ARCH = YES;
				SDKROOT = iphoneos;
				SWIFT_ACTIVE_COMPILATION_CONDITIONS = "DEBUG $(inherited)";
				SWIFT_OPTIMIZATION_LEVEL = "-Onone";
			};
			name = Debug;
		};
		C40269742EB2325C00071D60 /* Release */ = {
			isa = XCBuildConfiguration;
			buildSettings = {
				ALWAYS_SEARCH_USER_PATHS = NO;
				ASSETCATALOG_COMPILER_GENERATE_SWIFT_ASSET_SYMBOL_EXTENSIONS = YES;
				CLANG_ANALYZER_NONNULL = YES;
				CLANG_ANALYZER_NUMBER_OBJECT_CONVERSION = YES_AGGRESSIVE;
				CLANG_CXX_LANGUAGE_STANDARD = "gnu++20";
				CLANG_ENABLE_MODULES = YES;
				CLANG_ENABLE_OBJC_ARC = YES;
				CLANG_ENABLE_OBJC_WEAK = YES;
				CLANG_WARN_BLOCK_CAPTURE_AUTORELEASING = YES;
				CLANG_WARN_BOOL_CONVERSION = YES;
				CLANG_WARN_COMMA = YES;
				CLANG_WARN_CONSTANT_CONVERSION = YES;
				CLANG_WARN_DEPRECATED_OBJC_IMPLEMENTATIONS = YES;
				CLANG_WARN_DIRECT_OBJC_ISA_USAGE = YES_ERROR;
				CLANG_WARN_DOCUMENTATION_COMMENTS = YES;
				CLANG_WARN_EMPTY_BODY = YES;
				CLANG_WARN_ENUM_CONVERSION = YES;
				CLANG_WARN_INFINITE_RECURSION = YES;
				CLANG_WARN_INT_CONVERSION = YES;
				CLANG_WARN_NON_LITERAL_NULL_CONVERSION = YES;
				CLANG_WARN_OBJC_IMPLICIT_RETAIN_SELF = YES;
				CLANG_WARN_OBJC_LITERAL_CONVERSION = YES;
				CLANG_WARN_OBJC_ROOT_CLASS = YES_ERROR;
				CLANG_WARN_QUOTED_INCLUDE_IN_FRAMEWORK_HEADER = YES;
				CLANG_WARN_RANGE_LOOP_ANALYSIS = YES;
				CLANG_WARN_STRICT_PROTOTYPES = YES;
				CLANG_WARN_SUSPICIOUS_MOVE = YES;
				CLANG_WARN_UNGUARDED_AVAILABILITY = YES_AGGRESSIVE;
				CLANG_WARN_UNREACHABLE_CODE = YES;
				CLANG_WARN__DUPLICATE_METHOD_MATCH = YES;
				COPY_PHASE_STRIP = NO;
				DEBUG_INFORMATION_FORMAT = "dwarf-with-dsym";
				ENABLE_NS_ASSERTIONS = NO;
				ENABLE_STRICT_OBJC_MSGSEND = YES;
				ENABLE_USER_SCRIPT_SANDBOXING = YES;
				GCC_C_LANGUAGE_STANDARD = gnu17;
				GCC_NO_COMMON_BLOCKS = YES;
				GCC_WARN_64_TO_32_BIT_CONVERSION = YES;
				GCC_WARN_ABOUT_RETURN_TYPE = YES_ERROR;
				GCC_WARN_UNDECLARED_SELECTOR = YES;
				GCC_WARN_UNINITIALIZED_AUTOS = YES_AGGRESSIVE;
				GCC_WARN_UNUSED_FUNCTION = YES;
				GCC_WARN_UNUSED_VARIABLE = YES;
				IPHONEOS_DEPLOYMENT_TARGET = 17.5;
				LOCALIZATION_PREFERS_STRING_CATALOGS = YES;
				MTL_ENABLE_DEBUG_INFO = NO;
				MTL_FAST_MATH = YES;
				SDKROOT = iphoneos;
				SWIFT_COMPILATION_MODE = wholemodule;
				VALIDATE_PRODUCT = YES;
			};
			name = Release;
		};
		C40269762EB2325C00071D60 /* Debug */ = {
			isa = XCBuildConfiguration;
			buildSettings = {
				ASSETCATALOG_COMPILER_APPICON_NAME = AppIcon;
				ASSETCATALOG_COMPILER_GLOBAL_ACCENT_COLOR_NAME = AccentColor;
				CODE_SIGN_STYLE = Automatic;
				CURRENT_PROJECT_VERSION = 1;
				DEVELOPMENT_ASSET_PATHS = "\"Desafio09/Preview Content\"";
				ENABLE_PREVIEWS = YES;
				GENERATE_INFOPLIST_FILE = YES;
				INFOPLIST_KEY_UIApplicationSceneManifest_Generation = YES;
				INFOPLIST_KEY_UIApplicationSupportsIndirectInputEvents = YES;
				INFOPLIST_KEY_UILaunchScreen_Generation = YES;
				INFOPLIST_KEY_UISupportedInterfaceOrientations_iPad = "UIInterfaceOrientationPortrait UIInterfaceOrientationPortraitUpsideDown UIInterfaceOrientationLandscapeLeft UIInterfaceOrientationLandscapeRight";
				INFOPLIST_KEY_UISupportedInterfaceOrientations_iPhone = "UIInterfaceOrientationPortrait UIInterfaceOrientationLandscapeLeft UIInterfaceOrientationLandscapeRight";
				LD_RUNPATH_SEARCH_PATHS = (
					"$(inherited)",
					"@executable_path/Frameworks",
				);
				MARKETING_VERSION = 1.0;
				PRODUCT_BUNDLE_IDENTIFIER = joao.vieira.Desafio09;
				PRODUCT_NAME = "$(TARGET_NAME)";
				SWIFT_EMIT_LOC_STRINGS = YES;
				SWIFT_VERSION = 5.0;
				TARGETED_DEVICE_FAMILY = "1,2";
			};
			name = Debug;
		};
		C40269772EB2325C00071D60 /* Release */ = {
			isa = XCBuildConfiguration;
			buildSettings = {
				ASSETCATALOG_COMPILER_APPICON_NAME = AppIcon;
				ASSETCATALOG_COMPILER_GLOBAL_ACCENT_COLOR_NAME = AccentColor;
				CODE_SIGN_STYLE = Automatic;
				CURRENT_PROJECT_VERSION = 1;
				DEVELOPMENT_ASSET_PATHS = "\"Desafio09/Preview Content\"";
				ENABLE_PREVIEWS = YES;
				GENERATE_INFOPLIST_FILE = YES;
				INFOPLIST_KEY_UIApplicationSceneManifest_Generation = YES;
				INFOPLIST_KEY_UIApplicationSupportsIndirectInputEvents = YES;
				INFOPLIST_KEY_UILaunchScreen_Generation = YES;
				INFOPLIST_KEY_UISupportedInterfaceOrientations_iPad = "UIInterfaceOrientationPortrait UIInterfaceOrientationPortraitUpsideDown UIInterfaceOrientationLandscapeLeft UIInterfaceOrientationLandscapeRight";
				INFOPLIST_KEY_UISupportedInterfaceOrientations_iPhone = "UIInterfaceOrientationPortrait UIInterfaceOrientationLandscapeLeft UIInterfaceOrientationLandscapeRight";
				LD_RUNPATH_SEARCH_PATHS = (
					"$(inherited)",
					"@executable_path/Frameworks",
				);
				MARKETING_VERSION = 1.0;
				PRODUCT_BUNDLE_IDENTIFIER = joao.vieira.Desafio09;
				PRODUCT_NAME = "$(TARGET_NAME)";
				SWIFT_EMIT_LOC_STRINGS = YES;
				SWIFT_VERSION = 5.0;
				TARGETED_DEVICE_FAMILY = "1,2";
			};
			name = Release;
		};
/* End XCBuildConfiguration section */

/* Begin XCConfigurationList section */
		C40269622EB2325B00071D60 /* Build configuration list for PBXProject "Desafio09" */ = {
			isa = XCConfigurationList;
			buildConfigurations = (
				C40269732EB2325C00071D60 /* Debug */,
				C40269742EB2325C00071D60 /* Release */,
			);
			defaultConfigurationIsVisible = 0;
			defaultConfigurationName = Release;
		};
		C40269752EB2325C00071D60 /* Build configuration list for PBXNativeTarget "Desafio09" */ = {
			isa = XCConfigurationList;
			buildConfigurations = (
				C40269762EB2325C00071D60 /* Debug */,
				C40269772EB2325C00071D60 /* Release */,
			);
			defaultConfigurationIsVisible = 0;
			defaultConfigurationName = Release;
		};
/* End XCConfigurationList section */
	};
	rootObject = C402695F2EB2325B00071D60 /* Project object */;
}
